<?xml version="1.0" encoding="utf-8"?>
<Project ToolsVersion="4.0" xmlns="http://schemas.microsoft.com/developer/msbuild/2003">
  <ItemGroup>
    <Filter Include="Source Files">
      <UniqueIdentifier>{a0025fe8-a127-4489-b7de-2035f1725670}</UniqueIdentifier>
      <Extensions>cpp</Extensions>
    </Filter>
    <Filter Include="Header Files">
      <UniqueIdentifier>{2262c071-5c27-4e66-9868-ddb078761cf6}</UniqueIdentifier>
      <Extensions>h</Extensions>
    </Filter>
    <Filter Include="Resource">
      <UniqueIdentifier>{9c623c84-013f-4fdf-a439-e7e3c08bec40}</UniqueIdentifier>
      <Extensions>rc</Extensions>
    </Filter>
    <Filter Include="MD5">
      <UniqueIdentifier>{6089e2bf-f56a-49e2-a445-c9ab21fdd4f6}</UniqueIdentifier>
    </Filter>
    <Filter Include="Schemas">
      <UniqueIdentifier>{8d92dc1b-2f72-41bd-9ff8-52bceaeb18c0}</UniqueIdentifier>
    </Filter>
  </ItemGroup>
  <ItemGroup>
    <ClCompile Include="muApp.cpp">
      <Filter>Source Files</Filter>
    </ClCompile>
    <ClCompile Include="muEvents.cpp">
      <Filter>Source Files</Filter>
    </ClCompile>
    <ClCompile Include="muFrame.cpp">
      <Filter>Source Files</Filter>
    </ClCompile>
    <ClCompile Include="muPackagesInfo.cpp">
      <Filter>Source Files</Filter>
    </ClCompile>
    <ClCompile Include="muPrecompile.cpp">
      <Filter>Source Files</Filter>
    </ClCompile>
    <ClCompile Include="muThread.cpp">
      <Filter>Source Files</Filter>
    </ClCompile>
    <ClCompile Include="muThread_IntegrityChecker.cpp">
      <Filter>Source Files</Filter>
    </ClCompile>
    <ClCompile Include="muThread_Updater.cpp">
      <Filter>Source Files</Filter>
    </ClCompile>
    <ClCompile Include="muThread_URLGetter.cpp">
      <Filter>Source Files</Filter>
    </ClCompile>
    <ClCompile Include="MD5.cpp">
      <Filter>MD5</Filter>
    </ClCompile>
  </ItemGroup>
  <ItemGroup>
    <ClInclude Include="muApp.h">
      <Filter>Header Files</Filter>
    </ClInclude>
    <ClInclude Include="muEvents.h">
      <Filter>Header Files</Filter>
    </ClInclude>
    <ClInclude Include="muException.h">
      <Filter>Header Files</Filter>
    </ClInclude>
    <ClInclude Include="muFrame.h">
      <Filter>Header Files</Filter>
    </ClInclude>
    <ClInclude Include="muPackagesInfo.h">
      <Filter>Header Files</Filter>
    </ClInclude>
    <ClInclude Include="muPrecompile.h">
      <Filter>Header Files</Filter>
    </ClInclude>
    <ClInclude Include="muThread.h">
      <Filter>Header Files</Filter>
    </ClInclude>
    <ClInclude Include="muThread_IntegrityChecker.h">
      <Filter>Header Files</Filter>
    </ClInclude>
    <ClInclude Include="muThread_Updater.h">
      <Filter>Header Files</Filter>
    </ClInclude>
    <ClInclude Include="muThread_URLGetter.h">
      <Filter>Header Files</Filter>
    </ClInclude>
    <ClInclude Include="MD5.h">
      <Filter>MD5</Filter>
    </ClInclude>
  </ItemGroup>
  <ItemGroup>
    <ResourceCompile Include="ModUpdater.rc">
      <Filter>Resource</Filter>
    </ResourceCompile>
  </ItemGroup>
  <ItemGroup>
    <Xsd Include="UpdaterMirrors.xsd">
      <Filter>Schemas</Filter>
    </Xsd>
    <Xsd Include="UpdaterPackages.xsd">
      <Filter>Schemas</Filter>
    </Xsd>
  </ItemGroup>
</Project>